{
  "name": "adhoc-transport-webapi",
  "version": "0.1.5",
  "lockfileVersion": 3,
  "requires": true,
  "packages": {
    "": {
      "name": "adhoc-transport-webapi",
      "version": "0.1.5",
      "license": "MIT",
      "dependencies": {
        "@types/web": "^0.0.142"
      },
      "devDependencies": {
        "typescript": "^5.0.0"
      }
    },
    "node_modules/@types/web": {
      "version": "0.0.142",
      "resolved": "https://registry.npmjs.org/@types/web/-/web-0.0.142.tgz",
      "integrity": "sha512-QWDvMW+P3sdq8rhiw3dNyBR64O5adSY80gBjRd2xI3BADGsAFpAglblWucsGUjKVKyPm4EbYZkvFs7BRxPsBOg=="
    },
    "node_modules/typescript": {
      "version": "5.4.5",
      "resolved": "https://registry.npmjs.org/typescript/-/typescript-5.4.5.tgz",
      "integrity": "sha512-vcI4UpRgg81oIRUFwR0WSIHKt11nJ7SAVlYNIu+QpqeyXP+gpQJy/Z4+F0aGxSE4MqwjyXvW/TzgkLAx2AGHwQ==",
      "dev": true,
      "bin": {
        "tsc": "bin/tsc",
        "tsserver": "bin/tsserver"
      },
      "engines": {
        "node": ">=14.17"
      }
    }
  }
}
